// !$*UTF8*$!
{
	archiveVersion = 1;
	classes = {
	};
	objectVersion = 48;
	objects = {

/* Begin PBXBuildFile section */
		2269FEEC20977D1600166415 /* AppDelegate.swift in Sources */ = {isa = PBXBuildFile; fileRef = 2269FEEB20977D1600166415 /* AppDelegate.swift */; };
		2269FEEE20977D1700166415 /* ViewController.swift in Sources */ = {isa = PBXBuildFile; fileRef = 2269FEED20977D1700166415 /* ViewController.swift */; };
		2269FEF120977D1700166415 /* Main.storyboard in Resources */ = {isa = PBXBuildFile; fileRef = 2269FEEF20977D1700166415 /* Main.storyboard */; };
		2269FEF420977D1700166415 /* demo_inapp.xcdatamodeld in Sources */ = {isa = PBXBuildFile; fileRef = 2269FEF220977D1700166415 /* demo_inapp.xcdatamodeld */; };
		2269FEF620977D1700166415 /* Assets.xcassets in Resources */ = {isa = PBXBuildFile; fileRef = 2269FEF520977D1700166415 /* Assets.xcassets */; };
		2269FEF920977D1700166415 /* LaunchScreen.storyboard in Resources */ = {isa = PBXBuildFile; fileRef = 2269FEF720977D1700166415 /* LaunchScreen.storyboard */; };
		2269FF012097A89E00166415 /* CustomTableViewCell.swift in Sources */ = {isa = PBXBuildFile; fileRef = 2269FF002097A89E00166415 /* CustomTableViewCell.swift */; };
		2269FF032097AFF500166415 /* DetailCustomTableViewCell.swift in Sources */ = {isa = PBXBuildFile; fileRef = 2269FF022097AFF500166415 /* DetailCustomTableViewCell.swift */; };
		2269FF052097B04D00166415 /* DetailViewController.swift in Sources */ = {isa = PBXBuildFile; fileRef = 2269FF042097B04D00166415 /* DetailViewController.swift */; };
/* End PBXBuildFile section */

/* Begin PBXFileReference section */
		2269FEE820977D1600166415 /* demo-inapp.app */ = {isa = PBXFileReference; explicitFileType = wrapper.application; includeInIndex = 0; path = "demo-inapp.app"; sourceTree = BUILT_PRODUCTS_DIR; };
		2269FEEB20977D1600166415 /* AppDelegate.swift */ = {isa = PBXFileReference; lastKnownFileType = sourcecode.swift; path = AppDelegate.swift; sourceTree = "<group>"; };
		2269FEED20977D1700166415 /* ViewController.swift */ = {isa = PBXFileReference; lastKnownFileType = sourcecode.swift; path = ViewController.swift; sourceTree = "<group>"; };
		2269FEF020977D1700166415 /* Base */ = {isa = PBXFileReference; lastKnownFileType = file.storyboard; name = Base; path = Base.lproj/Main.storyboard; sourceTree = "<group>"; };
		2269FEF320977D1700166415 /* demo_inapp.xcdatamodel */ = {isa = PBXFileReference; lastKnownFileType = wrapper.xcdatamodel; path = demo_inapp.xcdatamodel; sourceTree = "<group>"; };
		2269FEF520977D1700166415 /* Assets.xcassets */ = {isa = PBXFileReference; lastKnownFileType = folder.assetcatalog; path = Assets.xcassets; sourceTree = "<group>"; };
		2269FEF820977D1700166415 /* Base */ = {isa = PBXFileReference; lastKnownFileType = file.storyboard; name = Base; path = Base.lproj/LaunchScreen.storyboard; sourceTree = "<group>"; };
		2269FEFA20977D1700166415 /* Info.plist */ = {isa = PBXFileReference; lastKnownFileType = text.plist.xml; path = Info.plist; sourceTree = "<group>"; };
		2269FF002097A89E00166415 /* CustomTableViewCell.swift */ = {isa = PBXFileReference; lastKnownFileType = sourcecode.swift; path = CustomTableViewCell.swift; sourceTree = "<group>"; };
		2269FF022097AFF500166415 /* DetailCustomTableViewCell.swift */ = {isa = PBXFileReference; lastKnownFileType = sourcecode.swift; path = DetailCustomTableViewCell.swift; sourceTree = "<group>"; };
		2269FF042097B04D00166415 /* DetailViewController.swift */ = {isa = PBXFileReference; lastKnownFileType = sourcecode.swift; path = DetailViewController.swift; sourceTree = "<group>"; };
/* End PBXFileReference section */

/* Begin PBXFrameworksBuildPhase section */
		2269FEE520977D1600166415 /* Frameworks */ = {
			isa = PBXFrameworksBuildPhase;
			buildActionMask = 2147483647;
			files = (
			);
			runOnlyForDeploymentPostprocessing = 0;
		};
/* End PBXFrameworksBuildPhase section */

/* Begin PBXGroup section */
		2269FEDF20977D1600166415 = {
			isa = PBXGroup;
			children = (
				2269FEEA20977D1600166415 /* demo-inapp */,
				2269FEE920977D1600166415 /* Products */,
			);
			sourceTree = "<group>";
		};
		2269FEE920977D1600166415 /* Products */ = {
			isa = PBXGroup;
			children = (
				2269FEE820977D1600166415 /* demo-inapp.app */,
			);
			name = Products;
			sourceTree = "<group>";
		};
		2269FEEA20977D1600166415 /* demo-inapp */ = {
			isa = PBXGroup;
			children = (
				2269FEEB20977D1600166415 /* AppDelegate.swift */,
				2269FEED20977D1700166415 /* ViewController.swift */,
				2269FF002097A89E00166415 /* CustomTableViewCell.swift */,
				2269FF042097B04D00166415 /* DetailViewController.swift */,
				2269FF022097AFF500166415 /* DetailCustomTableViewCell.swift */,
				2269FEEF20977D1700166415 /* Main.storyboard */,
				2269FEF520977D1700166415 /* Assets.xcassets */,
				2269FEF720977D1700166415 /* LaunchScreen.storyboard */,
				2269FEFA20977D1700166415 /* Info.plist */,
				2269FEF220977D1700166415 /* demo_inapp.xcdatamodeld */,
			);
			path = "demo-inapp";
			sourceTree = "<group>";
		};
/* End PBXGroup section */

/* Begin PBXNativeTarget section */
		2269FEE720977D1600166415 /* demo-inapp */ = {
			isa = PBXNativeTarget;
			buildConfigurationList = 2269FEFD20977D1700166415 /* Build configuration list for PBXNativeTarget "demo-inapp" */;
			buildPhases = (
				2269FEE420977D1600166415 /* Sources */,
				2269FEE520977D1600166415 /* Frameworks */,
				2269FEE620977D1600166415 /* Resources */,
			);
			buildRules = (
			);
			dependencies = (
			);
			name = "demo-inapp";
			productName = "demo-inapp";
			productReference = 2269FEE820977D1600166415 /* demo-inapp.app */;
			productType = "com.apple.product-type.application";
		};
/* End PBXNativeTarget section */

/* Begin PBXProject section */
		2269FEE020977D1600166415 /* Project object */ = {
			isa = PBXProject;
			attributes = {
				LastSwiftUpdateCheck = 0920;
				LastUpgradeCheck = 0920;
				ORGANIZATIONNAME = hcmus;
				TargetAttributes = {
					2269FEE720977D1600166415 = {
						CreatedOnToolsVersion = 9.2;
						ProvisioningStyle = Automatic;
					};
				};
			};
			buildConfigurationList = 2269FEE320977D1600166415 /* Build configuration list for PBXProject "demo-inapp" */;
			compatibilityVersion = "Xcode 8.0";
			developmentRegion = en;
			hasScannedForEncodings = 0;
			knownRegions = (
				en,
				Base,
			);
			mainGroup = 2269FEDF20977D1600166415;
			productRefGroup = 2269FEE920977D1600166415 /* Products */;
			projectDirPath = "";
			projectRoot = "";
			targets = (
				2269FEE720977D1600166415 /* demo-inapp */,
			);
		};
/* End PBXProject section */

/* Begin PBXResourcesBuildPhase section */
		2269FEE620977D1600166415 /* Resources */ = {
			isa = PBXResourcesBuildPhase;
			buildActionMask = 2147483647;
			files = (
				2269FEF920977D1700166415 /* LaunchScreen.storyboard in Resources */,
				2269FEF620977D1700166415 /* Assets.xcassets in Resources */,
				2269FEF120977D1700166415 /* Main.storyboard in Resources */,
			);
			runOnlyForDeploymentPostprocessing = 0;
		};
/* End PBXResourcesBuildPhase section */

/* Begin PBXSourcesBuildPhase section */
		2269FEE420977D1600166415 /* Sources */ = {
			isa = PBXSourcesBuildPhase;
			buildActionMask = 2147483647;
			files = (
				2269FEEE20977D1700166415 /* ViewController.swift in Sources */,
				2269FEEC20977D1600166415 /* AppDelegate.swift in Sources */,
				2269FF012097A89E00166415 /* CustomTableViewCell.swift in Sources */,
				2269FF052097B04D00166415 /* DetailViewController.swift in Sources */,
				2269FEF420977D1700166415 /* demo_inapp.xcdatamodeld in Sources */,
				2269FF032097AFF500166415 /* DetailCustomTableViewCell.swift in Sources */,
			);
			runOnlyForDeploymentPostprocessing = 0;
		};
/* End PBXSourcesBuildPhase section */

/* Begin PBXVariantGroup section */
		2269FEEF20977D1700166415 /* Main.storyboard */ = {
			isa = PBXVariantGroup;
			children = (
				2269FEF020977D1700166415 /* Base */,
			);
			name = Main.storyboard;
			sourceTree = "<group>";
		};
		2269FEF720977D1700166415 /* LaunchScreen.storyboard */ = {
			isa = PBXVariantGroup;
			children = (
				2269FEF820977D1700166415 /* Base */,
			);
			name = LaunchScreen.storyboard;
			sourceTree = "<group>";
		};
/* End PBXVariantGroup section */

/* Begin XCBuildConfiguration section */
		2269FEFB20977D1700166415 /* Debug */ = {
			isa = XCBuildConfiguration;
			buildSettings = {
				ALWAYS_SEARCH_USER_PATHS = NO;
				CLANG_ANALYZER_NONNULL = YES;
				CLANG_ANALYZER_NUMBER_OBJECT_CONVERSION = YES_AGGRESSIVE;
				CLANG_CXX_LANGUAGE_STANDARD = "gnu++14";
				CLANG_CXX_LIBRARY = "libc++";
				CLANG_ENABLE_MODULES = YES;
				CLANG_ENABLE_OBJC_ARC = YES;
				CLANG_WARN_BLOCK_CAPTURE_AUTORELEASING = YES;
				CLANG_WARN_BOOL_CONVERSION = YES;
				CLANG_WARN_COMMA = YES;
				CLANG_WARN_CONSTANT_CONVERSION = YES;
				CLANG_WARN_DIRECT_OBJC_ISA_USAGE = YES_ERROR;
				CLANG_WARN_DOCUMENTATION_COMMENTS = YES;
				CLANG_WARN_EMPTY_BODY = YES;
				CLANG_WARN_ENUM_CONVERSION = YES;
				CLANG_WARN_INFINITE_RECURSION = YES;
				CLANG_WARN_INT_CONVERSION = YES;
				CLANG_WARN_NON_LITERAL_NULL_CONVERSION = YES;
				CLANG_WARN_OBJC_LITERAL_CONVERSION = YES;
				CLANG_WARN_OBJC_ROOT_CLASS = YES_ERROR;
				CLANG_WARN_RANGE_LOOP_ANALYSIS = YES;
				CLANG_WARN_STRICT_PROTOTYPES = YES;
				CLANG_WARN_SUSPICIOUS_MOVE = YES;
				CLANG_WARN_UNGUARDED_AVAILABILITY = YES_AGGRESSIVE;
				CLANG_WARN_UNREACHABLE_CODE = YES;
				CLANG_WARN__DUPLICATE_METHOD_MATCH = YES;
				CODE_SIGN_IDENTITY = "iPhone Developer";
				COPY_PHASE_STRIP = NO;
				DEBUG_INFORMATION_FORMAT = dwarf;
				ENABLE_STRICT_OBJC_MSGSEND = YES;
				ENABLE_TESTABILITY = YES;
				GCC_C_LANGUAGE_STANDARD = gnu11;
				GCC_DYNAMIC_NO_PIC = NO;
				GCC_NO_COMMON_BLOCKS = YES;
				GCC_OPTIMIZATION_LEVEL = 0;
				GCC_PREPROCESSOR_DEFINITIONS = (
					"DEBUG=1",
					"$(inherited)",
				);
				GCC_WARN_64_TO_32_BIT_CONVERSION = YES;
				GCC_WARN_ABOUT_RETURN_TYPE = YES_ERROR;
				GCC_WARN_UNDECLARED_SELECTOR = YES;
				GCC_WARN_UNINITIALIZED_AUTOS = YES_AGGRESSIVE;
				GCC_WARN_UNUSED_FUNCTION = YES;
				GCC_WARN_UNUSED_VARIABLE = YES;
				IPHONEOS_DEPLOYMENT_TARGET = 11.2;
				MTL_ENABLE_DEBUG_INFO = YES;
				ONLY_ACTIVE_ARCH = YES;
				SDKROOT = iphoneos;
				SWIFT_ACTIVE_COMPILATION_CONDITIONS = DEBUG;
				SWIFT_OPTIMIZATION_LEVEL = "-Onone";
			};
			name = Debug;
		};
		2269FEFC20977D1700166415 /* Release */ = {
			isa = XCBuildConfiguration;
			buildSettings = {
				ALWAYS_SEARCH_USER_PATHS = NO;
				CLANG_ANALYZER_NONNULL = YES;
				CLANG_ANALYZER_NUMBER_OBJECT_CONVERSION = YES_AGGRESSIVE;
				CLANG_CXX_LANGUAGE_STANDARD = "gnu++14";
				CLANG_CXX_LIBRARY = "libc++";
				CLANG_ENABLE_MODULES = YES;
				CLANG_ENABLE_OBJC_ARC = YES;
				CLANG_WARN_BLOCK_CAPTURE_AUTORELEASING = YES;
				CLANG_WARN_BOOL_CONVERSION = YES;
				CLANG_WARN_COMMA = YES;
				CLANG_WARN_CONSTANT_CONVERSION = YES;
				CLANG_WARN_DIRECT_OBJC_ISA_USAGE = YES_ERROR;
				CLANG_WARN_DOCUMENTATION_COMMENTS = YES;
				CLANG_WARN_EMPTY_BODY = YES;
				CLANG_WARN_ENUM_CONVERSION = YES;
				CLANG_WARN_INFINITE_RECURSION = YES;
				CLANG_WARN_INT_CONVERSION = YES;
				CLANG_WARN_NON_LITERAL_NULL_CONVERSION = YES;
				CLANG_WARN_OBJC_LITERAL_CONVERSION = YES;
				CLANG_WARN_OBJC_ROOT_CLASS = YES_ERROR;
				CLANG_WARN_RANGE_LOOP_ANALYSIS = YES;
				CLANG_WARN_STRICT_PROTOTYPES = YES;
				CLANG_WARN_SUSPICIOUS_MOVE = YES;
				CLANG_WARN_UNGUARDED_AVAILABILITY = YES_AGGRESSIVE;
				CLANG_WARN_UNREACHABLE_CODE = YES;
				CLANG_WARN__DUPLICATE_METHOD_MATCH = YES;
				CODE_SIGN_IDENTITY = "iPhone Developer";
				COPY_PHASE_STRIP = NO;
				DEBUG_INFORMATION_FORMAT = "dwarf-with-dsym";
				ENABLE_NS_ASSERTIONS = NO;
				ENABLE_STRICT_OBJC_MSGSEND = YES;
				GCC_C_LANGUAGE_STANDARD = gnu11;
				GCC_NO_COMMON_BLOCKS = YES;
				GCC_WARN_64_TO_32_BIT_CONVERSION = YES;
				GCC_WARN_ABOUT_RETURN_TYPE = YES_ERROR;
				GCC_WARN_UNDECLARED_SELECTOR = YES;
				GCC_WARN_UNINITIALIZED_AUTOS = YES_AGGRESSIVE;
				GCC_WARN_UNUSED_FUNCTION = YES;
				GCC_WARN_UNUSED_VARIABLE = YES;
				IPHONEOS_DEPLOYMENT_TARGET = 11.2;
				MTL_ENABLE_DEBUG_INFO = NO;
				SDKROOT = iphoneos;
				SWIFT_OPTIMIZATION_LEVEL = "-Owholemodule";
				VALIDATE_PRODUCT = YES;
			};
			name = Release;
		};
		2269FEFE20977D1700166415 /* Debug */ = {
			isa = XCBuildConfiguration;
			buildSettings = {
				ASSETCATALOG_COMPILER_APPICON_NAME = AppIcon;
				CODE_SIGN_STYLE = Automatic;
				INFOPLIST_FILE = "demo-inapp/Info.plist";
				LD_RUNPATH_SEARCH_PATHS = "$(inherited) @executable_path/Frameworks";
				PRODUCT_BUNDLE_IDENTIFIER = "Group30.demo-inapp";
				PRODUCT_NAME = "$(TARGET_NAME)";
				SWIFT_VERSION = 4.0;
				TARGETED_DEVICE_FAMILY = "1,2";
			};
			name = Debug;
		};
		2269FEFF20977D1700166415 /* Release */ = {
			isa = XCBuildConfiguration;
			buildSettings = {
				ASSETCATALOG_COMPILER_APPICON_NAME = AppIcon;
				CODE_SIGN_STYLE = Automatic;
				INFOPLIST_FILE = "demo-inapp/Info.plist";
				LD_RUNPATH_SEARCH_PATHS = "$(inherited) @executable_path/Frameworks";
				PRODUCT_BUNDLE_IDENTIFIER = "Group30.demo-inapp";
				PRODUCT_NAME = "$(TARGET_NAME)";
				SWIFT_VERSION = 4.0;
				TARGETED_DEVICE_FAMILY = "1,2";
			};
			name = Release;
		};
/* End XCBuildConfiguration section */

/* Begin XCConfigurationList section */
		2269FEE320977D1600166415 /* Build configuration list for PBXProject "demo-inapp" */ = {
			isa = XCConfigurationList;
			buildConfigurations = (
				2269FEFB20977D1700166415 /* Debug */,
				2269FEFC20977D1700166415 /* Release */,
			);
			defaultConfigurationIsVisible = 0;
			defaultConfigurationName = Release;
		};
		2269FEFD20977D1700166415 /* Build configuration list for PBXNativeTarget "demo-inapp" */ = {
			isa = XCConfigurationList;
			buildConfigurations = (
				2269FEFE20977D1700166415 /* Debug */,
				2269FEFF20977D1700166415 /* Release */,
			);
			defaultConfigurationIsVisible = 0;
			defaultConfigurationName = Release;
		};
/* End XCConfigurationList section */

/* Begin XCVersionGroup section */
		2269FEF220977D1700166415 /* demo_inapp.xcdatamodeld */ = {
			isa = XCVersionGroup;
			children = (
				2269FEF320977D1700166415 /* demo_inapp.xcdatamodel */,
			);
			currentVersion = 2269FEF320977D1700166415 /* demo_inapp.xcdatamodel */;
			path = demo_inapp.xcdatamodeld;
			sourceTree = "<group>";
			versionGroupType = wrapper.xcdatamodel;
		};
/* End XCVersionGroup section */
	};
	rootObject = 2269FEE020977D1600166415 /* Project object */;
}
